{
  "name": "a2a-chat",
  "version": "1.0.0",
  "lockfileVersion": 3,
  "requires": true,
  "packages": {
    "": {
      "name": "a2a-chat",
      "version": "1.0.0",
      "dependencies": {
        "@a2a-js/sdk": "1.0.1"
      }
    },
    "node_modules/@a2a-js/sdk": {
      "version": "1.0.1",
      "resolved": "https://registry.npmjs.org/@a2a-js/sdk/-/sdk-1.0.1.tgz",
      "integrity": "sha512-CJQdh3Wzwo8qIx5UUkSJ7+7BEI16PB+MXMHHNSmx8JQsQed2HlQgvx1ENOiKUfYA3PlcEvxIwv14dBblhDuPmw==",
      "dependencies": {
        "jose": "^6.2.3",
        "uuid": "^11.1.0"
      },
      "engines": {
        "node": ">=20"
      },
      "peerDependencies": {
        "@bufbuild/protobuf": "^2.10.2",
        "@grpc/grpc-js": "^1.11.0",
        "express": "^4.21.2 || ^5.1.0"
      },
      "peerDependenciesMeta": {
        "@bufbuild/protobuf": {
          "optional": true
        },
        "@grpc/grpc-js": {
          "optional": true
        },
        "express": {
          "optional": true
        }
      }
    },
    "node_modules/jose": {
      "version": "6.2.9",
      "resolved": "https://registry.npmjs.org/jose/-/jose-6.2.9.tgz",
      "integrity": "sha512-XrchZOFZUl/T3vTwRe8XK+cJrGtMF4th1ARnDfwbBXFKThGhlsxEE4Zu03AD/bjJSt/9jT/mxrOCkJWOg77aPA==",
      "funding": {
        "url": "https://github.com/sponsors/panva"
      }
    },
    "node_modules/uuid": {
      "version": "11.1.1",
      "resolved": "https://registry.npmjs.org/uuid/-/uuid-11.1.1.tgz",
      "integrity": "sha512-vIYxrBCC/N/K+Js3qSN88go7kIfNPssr/hHCesKCQNAjmgvYS2oqr69kIufEG+O4+PfezOH4EbIeHCfFov8ZgQ==",
      "funding": [
        "https://github.com/sponsors/broofa",
        "https://github.com/sponsors/ctavan"
      ],
      "bin": {
        "uuid": "dist/esm/bin/uuid"
      }
    }
  }
}
